{
    "_meta": {
        "hash": {
            "sha256": "f029dabee942e3a37dbb583db3e7c7084d370ca079e71a336acb4eddcccc9e6c"
        },
        "pipfile-spec": 6,
        "requires": {
            "python_version": "3.10"
        },
        "sources": [
            {
                "name": "pypi",
                "url": "https://pypi.org/simple",
                "verify_ssl": true
            }
        ]
    },
    "default": {
        "typing": {
            "hashes": [
                "sha256:1187fb9c82fd670d10aa07bbb6cfcfe4bdda42d6fab8d5134f04e8c4d0b71cc9",
                "sha256:283d868f5071ab9ad873e5e52268d611e851c870a2ba354193026f2dfb29d8b5"
            ],
            "index": "pypi",
            "version": "==3.7.4.3"
        }
    },
    "develop": {}
}
